
Microsoft Visual Studio Solution File, Format Version 12.00
# Visual Studio Version 17
VisualStudioVersion = 17.10.35004.147
MinimumVisualStudioVersion = 10.0.40219.1
Project("{FAE04EC0-301F-11D3-BF4B-00C04F79EFBC}") = "ConsoleAppTestLog4NetVerbose", "ConsoleAppTestLog4NetVerbose\ConsoleAppTestLog4NetVerbose.csproj", "{7CD6A98A-FE91-4E27-8C78-7720A060D402}"
EndProject
Project("{FAE04EC0-301F-11D3-BF4B-00C04F79EFBC}") = "Log4NetChooseAppenderAI", "Log4NetChooseAppenderAI\Log4NetChooseAppenderAI.csproj", "{DE455B6D-369B-4255-A790-6DBD61401812}"
EndProject
Global
	GlobalSection(SolutionConfigurationPlatforms) = preSolution
		Debug|Any CPU = Debug|Any CPU
		Release|Any CPU = Release|Any CPU
	EndGlobalSection
	GlobalSection(ProjectConfigurationPlatforms) = postSolution
		{7CD6A98A-FE91-4E27-8C78-7720A060D402}.Debug|Any CPU.ActiveCfg = Debug|Any CPU
		{7CD6A98A-FE91-4E27-8C78-7720A060D402}.Debug|Any CPU.Build.0 = Debug|Any CPU
		{7CD6A98A-FE91-4E27-8C78-7720A060D402}.Release|Any CPU.ActiveCfg = Release|Any CPU
		{7CD6A98A-FE91-4E27-8C78-7720A060D402}.Release|Any CPU.Build.0 = Release|Any CPU
		{DE455B6D-369B-4255-A790-6DBD61401812}.Debug|Any CPU.ActiveCfg = Debug|Any CPU
		{DE455B6D-369B-4255-A790-6DBD61401812}.Debug|Any CPU.Build.0 = Debug|Any CPU
		{DE455B6D-369B-4255-A790-6DBD61401812}.Release|Any CPU.ActiveCfg = Release|Any CPU
		{DE455B6D-369B-4255-A790-6DBD61401812}.Release|Any CPU.Build.0 = Release|Any CPU
	EndGlobalSection
	GlobalSection(SolutionProperties) = preSolution
		HideSolutionNode = FALSE
	EndGlobalSection
	GlobalSection(ExtensibilityGlobals) = postSolution
		SolutionGuid = {00035528-1913-4430-8D96-B20BCB4F2BEB}
	EndGlobalSection
EndGlobal
